{
  "requires": true,
  "lockfileVersion": 1,
  "dependencies": {
    "happi": {
      "version": "0.9.1",
      "resolved": "https://registry.npmjs.org/happi/-/happi-0.9.1.tgz",
      "integrity": "sha512-8LDbRVdLw/8K22DWeOWFk6vzHuku17df7Tl8KVBRDyQRJogS9FimaqbbDh2AC7pnPn9GuzlmGfJVSi7VtmdwBA=="
    },
    "moment": {
      "version": "2.29.4",
      "resolved": "https://registry.npmjs.org/moment/-/moment-2.29.4.tgz",
      "integrity": "sha512-5LC9SOxjSc2HF6vO2CyuTDNivEdoz2IvyJJGj6X8DJ0eFyfszE0QiEd+iXmBvUP3WHxSjFH/vIsA0EN00cgr8w=="
    }
  }
}
